
Microsoft Visual Studio Solution File, Format Version 12.00
# Visual Studio Version 17
VisualStudioVersion = 17.7.34202.233
MinimumVisualStudioVersion = 10.0.40219.1
Project("{FAE04EC0-301F-11D3-BF4B-00C04F79EFBC}") = "VehicularProject", "VehicularProject\VehicularProject.csproj", "{979FAFDC-9EE7-4ABC-931C-AB5FF90AAF6E}"
EndProject
Project("{FAE04EC0-301F-11D3-BF4B-00C04F79EFBC}") = "Presentaion", "Presentaion\Presentaion.csproj", "{9CDDEB1D-CACE-4432-8AC1-F26D7D364733}"
EndProject
Global
	GlobalSection(SolutionConfigurationPlatforms) = preSolution
		Debug|Any CPU = Debug|Any CPU
		Release|Any CPU = Release|Any CPU
	EndGlobalSection
	GlobalSection(ProjectConfigurationPlatforms) = postSolution
		{979FAFDC-9EE7-4ABC-931C-AB5FF90AAF6E}.Debug|Any CPU.ActiveCfg = Debug|Any CPU
		{979FAFDC-9EE7-4ABC-931C-AB5FF90AAF6E}.Debug|Any CPU.Build.0 = Debug|Any CPU
		{979FAFDC-9EE7-4ABC-931C-AB5FF90AAF6E}.Release|Any CPU.ActiveCfg = Release|Any CPU
		{979FAFDC-9EE7-4ABC-931C-AB5FF90AAF6E}.Release|Any CPU.Build.0 = Release|Any CPU
		{9CDDEB1D-CACE-4432-8AC1-F26D7D364733}.Debug|Any CPU.ActiveCfg = Debug|Any CPU
		{9CDDEB1D-CACE-4432-8AC1-F26D7D364733}.Debug|Any CPU.Build.0 = Debug|Any CPU
		{9CDDEB1D-CACE-4432-8AC1-F26D7D364733}.Release|Any CPU.ActiveCfg = Release|Any CPU
		{9CDDEB1D-CACE-4432-8AC1-F26D7D364733}.Release|Any CPU.Build.0 = Release|Any CPU
	EndGlobalSection
	GlobalSection(SolutionProperties) = preSolution
		HideSolutionNode = FALSE
	EndGlobalSection
	GlobalSection(ExtensibilityGlobals) = postSolution
		SolutionGuid = {E51613BF-8023-4A8E-8E69-02502C4EB431}
	EndGlobalSection
EndGlobal
